
Microsoft Visual Studio Solution File, Format Version 12.00
# Visual Studio Version 16
VisualStudioVersion = 16.0.30621.155
MinimumVisualStudioVersion = 10.0.40219.1
Project("{FAE04EC0-301F-11D3-BF4B-00C04F79EFBC}") = "WindowsFormsApp1", "WindowsFormsApp1\WindowsFormsApp1.csproj", "{57F0DE34-A3B7-4064-8A70-03136D20840C}"
EndProject
Global
	GlobalSection(SolutionConfigurationPlatforms) = preSolution
		Debug|Any CPU = Debug|Any CPU
		Release|Any CPU = Release|Any CPU
	EndGlobalSection
	GlobalSection(ProjectConfigurationPlatforms) = postSolution
		{57F0DE34-A3B7-4064-8A70-03136D20840C}.Debug|Any CPU.ActiveCfg = Debug|Any CPU
		{57F0DE34-A3B7-4064-8A70-03136D20840C}.Debug|Any CPU.Build.0 = Debug|Any CPU
		{57F0DE34-A3B7-4064-8A70-03136D20840C}.Release|Any CPU.ActiveCfg = Release|Any CPU
		{57F0DE34-A3B7-4064-8A70-03136D20840C}.Release|Any CPU.Build.0 = Release|Any CPU
	EndGlobalSection
	GlobalSection(SolutionProperties) = preSolution
		HideSolutionNode = FALSE
	EndGlobalSection
	GlobalSection(ExtensibilityGlobals) = postSolution
		SolutionGuid = {618A787C-65EE-418E-B2F1-FD93A12FFE4A}
	EndGlobalSection
EndGlobal
